
Microsoft Visual Studio Solution File, Format Version 12.00
# Visual Studio 15
VisualStudioVersion = 15.0.28307.1082
MinimumVisualStudioVersion = 10.0.40219.1
Project("{FAE04EC0-301F-11D3-BF4B-00C04F79EFBC}") = "ProjectCLB", "ProjectCLB\ProjectCLB.csproj", "{744FD81B-AD61-498A-AAC1-CB741EFE436D}"
EndProject
Global
	GlobalSection(SolutionConfigurationPlatforms) = preSolution
		Debug|Any CPU = Debug|Any CPU
		Release|Any CPU = Release|Any CPU
	EndGlobalSection
	GlobalSection(ProjectConfigurationPlatforms) = postSolution
		{744FD81B-AD61-498A-AAC1-CB741EFE436D}.Debug|Any CPU.ActiveCfg = Debug|Any CPU
		{744FD81B-AD61-498A-AAC1-CB741EFE436D}.Debug|Any CPU.Build.0 = Debug|Any CPU
		{744FD81B-AD61-498A-AAC1-CB741EFE436D}.Release|Any CPU.ActiveCfg = Release|Any CPU
		{744FD81B-AD61-498A-AAC1-CB741EFE436D}.Release|Any CPU.Build.0 = Release|Any CPU
	EndGlobalSection
	GlobalSection(SolutionProperties) = preSolution
		HideSolutionNode = FALSE
	EndGlobalSection
	GlobalSection(ExtensibilityGlobals) = postSolution
		SolutionGuid = {67A2B630-DA11-4FBC-AC51-B2C4F7E2ED00}
	EndGlobalSection
EndGlobal
